
Microsoft Visual Studio Solution File, Format Version 12.00
# Visual Studio Version 16
VisualStudioVersion = 16.0.30406.217
MinimumVisualStudioVersion = 10.0.40219.1
Project("{FAE04EC0-301F-11D3-BF4B-00C04F79EFBC}") = "ReliabilityOfCompSystems", "ReliabilityOfCompSystems\ReliabilityOfCompSystems.csproj", "{F62F7BE9-70FB-479A-8760-EFB0C3D7E057}"
EndProject
Global
	GlobalSection(SolutionConfigurationPlatforms) = preSolution
		Debug|Any CPU = Debug|Any CPU
		Release|Any CPU = Release|Any CPU
	EndGlobalSection
	GlobalSection(ProjectConfigurationPlatforms) = postSolution
		{F62F7BE9-70FB-479A-8760-EFB0C3D7E057}.Debug|Any CPU.ActiveCfg = Debug|Any CPU
		{F62F7BE9-70FB-479A-8760-EFB0C3D7E057}.Debug|Any CPU.Build.0 = Debug|Any CPU
		{F62F7BE9-70FB-479A-8760-EFB0C3D7E057}.Release|Any CPU.ActiveCfg = Release|Any CPU
		{F62F7BE9-70FB-479A-8760-EFB0C3D7E057}.Release|Any CPU.Build.0 = Release|Any CPU
	EndGlobalSection
	GlobalSection(SolutionProperties) = preSolution
		HideSolutionNode = FALSE
	EndGlobalSection
	GlobalSection(ExtensibilityGlobals) = postSolution
		SolutionGuid = {26024049-2A81-46D4-9003-9F3173F772E8}
	EndGlobalSection
EndGlobal
